
Microsoft Visual Studio Solution File, Format Version 12.00
# Visual Studio 15
VisualStudioVersion = 15.0.27703.2035
MinimumVisualStudioVersion = 10.0.40219.1
Project("{FAE04EC0-301F-11D3-BF4B-00C04F79EFBC}") = "QuickSortCSharp", "QuickSortCSharp\QuickSortCSharp.csproj", "{E1581987-1FE0-4A3E-AB4D-C64D1ED63409}"
EndProject
Global
	GlobalSection(SolutionConfigurationPlatforms) = preSolution
		Debug|Any CPU = Debug|Any CPU
		Release|Any CPU = Release|Any CPU
	EndGlobalSection
	GlobalSection(ProjectConfigurationPlatforms) = postSolution
		{E1581987-1FE0-4A3E-AB4D-C64D1ED63409}.Debug|Any CPU.ActiveCfg = Debug|Any CPU
		{E1581987-1FE0-4A3E-AB4D-C64D1ED63409}.Debug|Any CPU.Build.0 = Debug|Any CPU
		{E1581987-1FE0-4A3E-AB4D-C64D1ED63409}.Release|Any CPU.ActiveCfg = Release|Any CPU
		{E1581987-1FE0-4A3E-AB4D-C64D1ED63409}.Release|Any CPU.Build.0 = Release|Any CPU
	EndGlobalSection
	GlobalSection(SolutionProperties) = preSolution
		HideSolutionNode = FALSE
	EndGlobalSection
	GlobalSection(ExtensibilityGlobals) = postSolution
		SolutionGuid = {C17682D7-1A4F-4DBC-B1D0-4BB50F6728E8}
	EndGlobalSection
EndGlobal
